<?xml version="1.0" encoding="utf-8"?>
<Project ToolsVersion="4.0" xmlns="http://schemas.microsoft.com/developer/msbuild/2003">
  <ItemGroup>
    <Filter Include="Source Files">
      <UniqueIdentifier>{4FC737F1-C7A5-4376-A066-2A32D752A2FF}</UniqueIdentifier>
      <Extensions>cpp;c;cc;cxx;c++;cppm;ixx;def;odl;idl;hpj;bat;asm;asmx</Extensions>
    </Filter>
    <Filter Include="Header Files">
      <UniqueIdentifier>{93995380-89BD-4b04-88EB-625FBE52EBFB}</UniqueIdentifier>
      <Extensions>h;hh;hpp;hxx;h++;hm;inl;inc;ipp;xsd</Extensions>
    </Filter>
    <Filter Include="Resource Files">
      <UniqueIdentifier>{67DA6AB6-F800-4c08-8B7A-83BB121AAD01}</UniqueIdentifier>
      <Extensions>rc;ico;cur;bmp;dlg;rc2;rct;bin;rgs;gif;jpg;jpeg;jpe;resx;tiff;tif;png;wav;mfcribbon-ms</Extensions>
    </Filter>
  </ItemGroup>
  <ItemGroup>
    <ClCompile Include="SpicyLang.cpp">
      <Filter>Source Files</Filter>
    </ClCompile>
    <ClCompile Include="spicylang\spicy.cpp">
      <Filter>Source Files</Filter>
    </ClCompile>
    <ClCompile Include="spicylang\spicyast.cpp">
      <Filter>Source Files</Filter>
    </ClCompile>
    <ClCompile Include="spicylang\spicyastprinter.cpp">
      <Filter>Source Files</Filter>
    </ClCompile>
    <ClCompile Include="spicylang\spicybuiltins.cpp">
      <Filter>Source Files</Filter>
    </ClCompile>
    <ClCompile Include="spicylang\spicyenvironment.cpp">
      <Filter>Source Files</Filter>
    </ClCompile>
    <ClCompile Include="spicylang\spicyeval.cpp">
      <Filter>Source Files</Filter>
    </ClCompile>
    <ClCompile Include="spicylang\spicyinterpreter.cpp">
      <Filter>Source Files</Filter>
    </ClCompile>
    <ClCompile Include="spicylang\spicyobjects.cpp">
      <Filter>Source Files</Filter>
    </ClCompile>
    <ClCompile Include="spicylang\spicyparser.cpp">
      <Filter>Source Files</Filter>
    </ClCompile>
    <ClCompile Include="spicylang\spicyresolver.cpp">
      <Filter>Source Files</Filter>
    </ClCompile>
    <ClCompile Include="spicylang\spicyscanner.cpp">
      <Filter>Source Files</Filter>
    </ClCompile>
    <ClCompile Include="spicylang\types.cpp">
      <Filter>Source Files</Filter>
    </ClCompile>
    <ClCompile Include="spicylang\spicydisassembler.cpp">
      <Filter>Source Files</Filter>
    </ClCompile>
    <ClCompile Include="spicylang\spicyvm.cpp">
      <Filter>Source Files</Filter>
    </ClCompile>
  </ItemGroup>
  <ItemGroup>
    <ClInclude Include="spicylang\parsers.h">
      <Filter>Header Files</Filter>
    </ClInclude>
    <ClInclude Include="spicylang\spicy.h">
      <Filter>Header Files</Filter>
    </ClInclude>
    <ClInclude Include="spicylang\spicyast.h">
      <Filter>Header Files</Filter>
    </ClInclude>
    <ClInclude Include="spicylang\spicyastprinter.h">
      <Filter>Header Files</Filter>
    </ClInclude>
    <ClInclude Include="spicylang\spicybuiltins.h">
      <Filter>Header Files</Filter>
    </ClInclude>
    <ClInclude Include="spicylang\spicyenvironment.h">
      <Filter>Header Files</Filter>
    </ClInclude>
    <ClInclude Include="spicylang\spicyerrors.h">
      <Filter>Header Files</Filter>
    </ClInclude>
    <ClInclude Include="spicylang\spicyeval.h">
      <Filter>Header Files</Filter>
    </ClInclude>
    <ClInclude Include="spicylang\spicyinterpreter.h">
      <Filter>Header Files</Filter>
    </ClInclude>
    <ClInclude Include="spicylang\spicyobjects.h">
      <Filter>Header Files</Filter>
    </ClInclude>
    <ClInclude Include="spicylang\spicyparser.h">
      <Filter>Header Files</Filter>
    </ClInclude>
    <ClInclude Include="spicylang\spicyresolver.h">
      <Filter>Header Files</Filter>
    </ClInclude>
    <ClInclude Include="spicylang\spicyscanner.h">
      <Filter>Header Files</Filter>
    </ClInclude>
    <ClInclude Include="spicylang\spicyutil.h">
      <Filter>Header Files</Filter>
    </ClInclude>
    <ClInclude Include="spicylang\types.h">
      <Filter>Header Files</Filter>
    </ClInclude>
    <ClInclude Include="spicylang\spicydisassembler.h">
      <Filter>Header Files</Filter>
    </ClInclude>
    <ClInclude Include="spicylang\spicyvm.h">
      <Filter>Header Files</Filter>
    </ClInclude>
    <ClInclude Include="spicylang\vmtypes.h">
      <Filter>Header Files</Filter>
    </ClInclude>
  </ItemGroup>
</Project>